path: ../cluster/kustomize/overlay/devnet-a
environment:
    name: devnet-a
    type: cluster
deployers:
    - name: default
      rpc: http://rpc.eigenda.xyz
      verifierUrl: http://localhost:4000/api
      verifyContracts: false
      slow: true
eigenlayer:
    deployer: default
    delegation: 0x31B6738B8CbE37A3651B5493241529a3e743312a
    investmentmanager: 0x4474483097702f5e79aaf3ED47FfbfdC738129bA
    eigen: 0x443D34d3b1ade907ab1eA25d824373f70b92d49b
    eigenstrat: 0xb50A594660D1Fceeb5dA37B96508f83995DCBf0A
    weth: 0xDE936761D13Bb09ab9DF46627F13C765e030966C
    wethstrat: 0x586fa1402fB4d9eE0e860C182e8f76Bba269CfA7
eigenda:
    deployer: default
    dlregistry: 0x6dde959D3815D27601A92DBB11539b0c7F0e12CB
    dlservicemanager: 0xe632085AA39461805bD0dfEEB3f856D9b5379436
    pubkeycompendium: 0xA08adCe9CD95ac7ac4Ca7b83c899FDd2717bEB77
rollup:
    deployer: ""
    datalayrRollup: ""
privateKeys:
    file: ../cluster/kustomize/base/chain/config/prod-chain/secret/private-keys.txt
    list: []
    map:
        default: 0x23d2ff1fff0546b8678367ee433119ca4a34d0944d5103bf2ae3e673b04a0083
        dis0: 0xc88d105fb15af3d59823469a9e7b5e32fb2f5c86a6dae7206e0885e1f56c0523
        dis1: 0x64c875ddfc6f570e72126e5789e0f34591d75c9adfec46199e9d35039386e0f4
        dis2: 0xb8e47c4ef1623b7f9b6d148ede65225e6e0e6fffc9e680c561ba5b8bb49def3c
        dis3: 0x43ccfa4aee54c9f931e671f6eeb81ccbc7c97d75f43ab16cefc39e59b913fb6a
        dln0: 0x12a5dcbacc0ed86039ad4d248009e10966cc67e3444ca7ba3ce30aa8dff57218
        dln1: 0xd1a3d9e7ad7a6e39b4d468c5f52b3fbf6c415c18165887361d18e6bf227761ca
        dln2: 0xa6a6897fa547e9f077c54f7dcf616f1d1b089896c19f8f6acca9bc38a4ff78c3
        dln3: 0x62cbf244d68f098688ae7e1aaccf7a012f124a4507530b510dbd9ce458b0bfa0
        dln4: 0x3f6e570865835f22073b4f6c92a29fc6b1391d1619c35ca5c2a5187e1590b8d9
        dln5: 0xee3ed2c16297f23a70c911d69f8136c8caff3eef4d6281edf344f98a4fe19e78
        dln6: 0xe74fa67af72f25651bc657541d03a2212eb5d47b1b5d862e55fa9a69e4d320d2
        dln7: 0x7beffc15756d72c3e0547019192a2b478f47a931e441fbb226fca32a78a65c15
        dln8: 0x45b76798ae507d037322c17123062f7a30a12a8d48b70811289d9424c352a4e3
        dln9: 0x6ae11abec672c1cbba932ebe767a063ce90da34e430cb118b051ccbabe437e86
        dln10: 0xaf7bf44b06f99725b3a959982934d7ce32dbef31b99f6dc27c0d4e2b57775c7a
        dln11: 0x62d2fe51f74334cd5a280f2f467ba88439d90792b9b26536edd26f530d35e332
        dln12: 0xda135ea5a238b75f0a58d880f9ef379397b474226827476d77a0e8df1b58af19
        dln13: 0x0c5ce80087daa7bab057db216743e0dec60a5dbbb635130f432a77974d3505d6
        dln14: 0x8497f70f083af21e1d8c9e879df10c81eed356f7400bd10eeb29f43a3a107c0b
        dln15: 0x9e0849025ba1b2fbaf90a8464d1ce1dff1d29b2b6b1cf25836537b36547eb5da
        dln16: 0xa42f9682b5362c398c3a3bc88807860d2b7f38b2eaad21675e8d9e5d17bcb4f4
        dln17: 0x973e32dbffd203cc5ac04688a873a4b22729e43f82356c92b59d0869e6b50d2c
        dln18: 0x526c37ffcff87727a0c82b235bf669e45b34d3a44f7106233e2c2ab68c4efe01
        dln19: 0xe856c53d124b5396a1c5734fac8f939715aab9b713627400c056acd7b4cb8ebe
        ret0: 0xc6c463abfca6fc3f76b7b797f431c4c1831dfa03968a77f2ccfdb4568212b240
        staker0: 0x1215c2f7f47366fe7f60c5a5c817372adbdd6ad5633d594e62ba60e9138058a1
        staker1: 0xfc184378edf2475542cc5e697378fa59a2492ed0bddde210c6cd9d3e6687f369
        staker2: 0x90ba7ccb418e89a2dabd9cfa7082afb11480d74aef59f9e7b47cd804724643e4
        staker3: 0xe48c07996c6d8cc0350d88c3d106d0b18c8c2ed7ba599b01dc959807463a3ddb
        staker4: 0x3f26b8f48f88d3b32921f1ce3243cb1b5e9ec5a17ca19e1c2f42119ebe667a5c
        staker5: 0x4c8a6a2b6ffe778503bfcf1c9fa63d62bd22c940782d2159fe5e2e3dff46e200
        staker6: 0x4eecb279af0a57221e9ee05d0fa246160ab124aa71acc1d328154686b3642052
        staker7: 0x70c07ee66f2ed4e06833ac2f61b543abae3eb698194617c2f16499128bc7e33d
        staker8: 0x34c000f171f953f7e9c9a5b74cc2ac91fbb252599d996fc756000101f83146e1
        staker9: 0xcf019934b555462f4f368a6316fcdbd334bf663a578be6471c9ae2c36a4c6690
        staker10: 0x3e088e88e7cf95487c205a4d7525d6ee72bcf3afd15c65e78d626bf0f84a02e4
        staker11: 0x75fdea40aa9659a7807afe1eca1c8b1621bcd9c1dc7ac4c0f16ae137c9bae696
        staker12: 0x882bffc455e6ed16353a47726ace7e2188f4b60568479535c1e875d78de6b46c
        staker13: 0x9a06389fca9e72e82311a96d9a7dd1205aafdee18de97c9633205823e8d6ef05
        staker14: 0x2ae8a76c7c2f10f479ba7a9151e4e6d43dc899c42f3bf471cb3e40f9752a3f95
        staker15: 0x750a475de25fa61c59d7063907f0deeb8f7b5a48284dbddd14886c799992ad7a
        staker16: 0x0050c3f99fe777b865ef1f9de3fc50cecf2baf48bb0d3dfd21af404a8f64de6c
        staker17: 0x0620c74067544b9bd7365245aacd274f8d60b6b44436d821ffa0f927e5ecc188
        staker18: 0x5c7912e50bda777f2fc1bd03a21a2574c92aaf6b7842ffb86ce01c0c6138908c
        staker19: 0x4651e322764b95ac1d09d2c87e686093cc8aaa44840cf651efeb633def60d2b2
services:
    counts:
        dispersers: 4
        operators: 20
        retrievers: 1
        rollupSequencers: 0
        rollupChallengers: 0
    stakes:
        total: 1e+20
        distribution:
            - 1.3
            - 2
            - 3.2
            - 5
            - 4
            - 1.3
            - 2
            - 3.2
            - 5
            - 4
            - 1.3
            - 2
            - 3.2
            - 5
            - 4
            - 1.3
            - 2
            - 3.2
            - 5
            - 4
    basePort: 32000
    variables:
        globals:
            CACHE_PATH: /data/kzg/SRSTables
            CHAIN_ID: "40525"
            CHAIN_RPC: http://127.0.0.1:8545
            CHALLENGE_ORDER: "525000"
            G1_PATH: /data/kzg/g1.point
            G2_PATH: /data/kzg/g2.point
            GRAPH_PROVIDER: http://117.0.0.1:8000/subgraphs/name/datalayr
            HOSTNAME: 172.18.0.1
            SRS_ORDER: "525000"
            TIMEOUT: 20s
dispersers:
    - dl_disperser_hostname: 172.18.0.1
      dl_disperser_grpc_port: "32001"
      dl_disperser_enable_metrics: "true"
      dl_disperser_metrics_port: "9091"
      dl_disperser_timeout: 20s
      dl_disperser_polling_retry: "1"
      dl_disperser_db_path: /data/db/dis0
      dl_disperser_graph_provider: http://117.0.0.1:8000/subgraphs/name/datalayr
      dl_disperser_dlsm_address: 0xe632085AA39461805bD0dfEEB3f856D9b5379436
      dl_disperser_use_cache: "false"
      dl_disperser_chain_rpc: http://127.0.0.1:8545
      dl_disperser_private_key: c88d105fb15af3d59823469a9e7b5e32fb2f5c86a6dae7206e0885e1f56c0523
      dl_disperser_chain_id: "40525"
      dl_disperser_std_log_level: debug
      dl_disperser_file_log_level: trace
      dl_disperser_log_path: /data/logs/dis0
      dl_disperser_g1_path: /data/kzg/g1.point
      dl_disperser_g2_path: /data/kzg/g2.point
      dl_disperser_cache_path: /data/kzg/SRSTables
      dl_disperser_srs_order: "525000"
      dl_disperser_num_workers: "4"
      dl_disperser_verbose: "true"
    - dl_disperser_hostname: 172.18.0.1
      dl_disperser_grpc_port: "32003"
      dl_disperser_enable_metrics: "true"
      dl_disperser_metrics_port: "9091"
      dl_disperser_timeout: 20s
      dl_disperser_polling_retry: "1"
      dl_disperser_db_path: /data/db/dis1
      dl_disperser_graph_provider: http://117.0.0.1:8000/subgraphs/name/datalayr
      dl_disperser_dlsm_address: 0xe632085AA39461805bD0dfEEB3f856D9b5379436
      dl_disperser_use_cache: "false"
      dl_disperser_chain_rpc: http://127.0.0.1:8545
      dl_disperser_private_key: 64c875ddfc6f570e72126e5789e0f34591d75c9adfec46199e9d35039386e0f4
      dl_disperser_chain_id: "40525"
      dl_disperser_std_log_level: debug
      dl_disperser_file_log_level: trace
      dl_disperser_log_path: /data/logs/dis1
      dl_disperser_g1_path: /data/kzg/g1.point
      dl_disperser_g2_path: /data/kzg/g2.point
      dl_disperser_cache_path: /data/kzg/SRSTables
      dl_disperser_srs_order: "525000"
      dl_disperser_num_workers: "4"
      dl_disperser_verbose: "true"
    - dl_disperser_hostname: 172.18.0.1
      dl_disperser_grpc_port: "32005"
      dl_disperser_enable_metrics: "true"
      dl_disperser_metrics_port: "9091"
      dl_disperser_timeout: 20s
      dl_disperser_polling_retry: "1"
      dl_disperser_db_path: /data/db/dis2
      dl_disperser_graph_provider: http://117.0.0.1:8000/subgraphs/name/datalayr
      dl_disperser_dlsm_address: 0xe632085AA39461805bD0dfEEB3f856D9b5379436
      dl_disperser_use_cache: "false"
      dl_disperser_chain_rpc: http://127.0.0.1:8545
      dl_disperser_private_key: b8e47c4ef1623b7f9b6d148ede65225e6e0e6fffc9e680c561ba5b8bb49def3c
      dl_disperser_chain_id: "40525"
      dl_disperser_std_log_level: debug
      dl_disperser_file_log_level: trace
      dl_disperser_log_path: /data/logs/dis2
      dl_disperser_g1_path: /data/kzg/g1.point
      dl_disperser_g2_path: /data/kzg/g2.point
      dl_disperser_cache_path: /data/kzg/SRSTables
      dl_disperser_srs_order: "525000"
      dl_disperser_num_workers: "4"
      dl_disperser_verbose: "true"
    - dl_disperser_hostname: 172.18.0.1
      dl_disperser_grpc_port: "32007"
      dl_disperser_enable_metrics: "true"
      dl_disperser_metrics_port: "9091"
      dl_disperser_timeout: 20s
      dl_disperser_polling_retry: "1"
      dl_disperser_db_path: /data/db/dis3
      dl_disperser_graph_provider: http://117.0.0.1:8000/subgraphs/name/datalayr
      dl_disperser_dlsm_address: 0xe632085AA39461805bD0dfEEB3f856D9b5379436
      dl_disperser_use_cache: "false"
      dl_disperser_chain_rpc: http://127.0.0.1:8545
      dl_disperser_private_key: 43ccfa4aee54c9f931e671f6eeb81ccbc7c97d75f43ab16cefc39e59b913fb6a
      dl_disperser_chain_id: "40525"
      dl_disperser_std_log_level: debug
      dl_disperser_file_log_level: trace
      dl_disperser_log_path: /data/logs/dis3
      dl_disperser_g1_path: /data/kzg/g1.point
      dl_disperser_g2_path: /data/kzg/g2.point
      dl_disperser_cache_path: /data/kzg/SRSTables
      dl_disperser_srs_order: "525000"
      dl_disperser_num_workers: "4"
      dl_disperser_verbose: "true"
operators:
    - dl_node_hostname: 172.18.0.1
      dl_node_grpc_port: "32009"
      dl_node_enable_metrics: "true"
      dl_node_metrics_port: "9091"
      dl_node_timeout: 20s
      dl_node_db_path: /data/db/dln0
      dl_node_graph_provider: http://117.0.0.1:8000/subgraphs/name/datalayr
      dl_node_private_bls: "15395870927356024934331226318009405933433944500821006330043024865889757641133"
      dl_node_dlsm_address: 0xe632085AA39461805bD0dfEEB3f856D9b5379436
      dl_node_challenge_order: "525000"
      dl_node_chain_rpc: http://127.0.0.1:8545
      dl_node_private_key: 12a5dcbacc0ed86039ad4d248009e10966cc67e3444ca7ba3ce30aa8dff57218
      dl_node_chain_id: "40525"
      dl_node_std_log_level: debug
      dl_node_file_log_level: trace
      dl_node_log_path: /data/logs/dln0
      dl_node_g1_path: /data/kzg/g1.point
      dl_node_g2_path: /data/kzg/g2.point
      dl_node_cache_path: /data/kzg/SRSTables
      dl_node_srs_order: "525000"
      dl_node_num_workers: "4"
      dl_node_verbose: "true"
    - dl_node_hostname: 172.18.0.1
      dl_node_grpc_port: "32011"
      dl_node_enable_metrics: "true"
      dl_node_metrics_port: "9091"
      dl_node_timeout: 20s
      dl_node_db_path: /data/db/dln1
      dl_node_graph_provider: http://117.0.0.1:8000/subgraphs/name/datalayr
      dl_node_private_bls: "4769609847733933574329255887964943930011084182245497090407961678802669481873"
      dl_node_dlsm_address: 0xe632085AA39461805bD0dfEEB3f856D9b5379436
      dl_node_challenge_order: "525000"
      dl_node_chain_rpc: http://127.0.0.1:8545
      dl_node_private_key: d1a3d9e7ad7a6e39b4d468c5f52b3fbf6c415c18165887361d18e6bf227761ca
      dl_node_chain_id: "40525"
      dl_node_std_log_level: debug
      dl_node_file_log_level: trace
      dl_node_log_path: /data/logs/dln1
      dl_node_g1_path: /data/kzg/g1.point
      dl_node_g2_path: /data/kzg/g2.point
      dl_node_cache_path: /data/kzg/SRSTables
      dl_node_srs_order: "525000"
      dl_node_num_workers: "4"
      dl_node_verbose: "true"
    - dl_node_hostname: 172.18.0.1
      dl_node_grpc_port: "32013"
      dl_node_enable_metrics: "true"
      dl_node_metrics_port: "9091"
      dl_node_timeout: 20s
      dl_node_db_path: /data/db/dln2
      dl_node_graph_provider: http://117.0.0.1:8000/subgraphs/name/datalayr
      dl_node_private_bls: "20931563534396424840672841032408721061655851232139243063278300112886346185702"
      dl_node_dlsm_address: 0xe632085AA39461805bD0dfEEB3f856D9b5379436
      dl_node_challenge_order: "525000"
      dl_node_chain_rpc: http://127.0.0.1:8545
      dl_node_private_key: a6a6897fa547e9f077c54f7dcf616f1d1b089896c19f8f6acca9bc38a4ff78c3
      dl_node_chain_id: "40525"
      dl_node_std_log_level: debug
      dl_node_file_log_level: trace
      dl_node_log_path: /data/logs/dln2
      dl_node_g1_path: /data/kzg/g1.point
      dl_node_g2_path: /data/kzg/g2.point
      dl_node_cache_path: /data/kzg/SRSTables
      dl_node_srs_order: "525000"
      dl_node_num_workers: "4"
      dl_node_verbose: "true"
    - dl_node_hostname: 172.18.0.1
      dl_node_grpc_port: "32015"
      dl_node_enable_metrics: "true"
      dl_node_metrics_port: "9091"
      dl_node_timeout: 20s
      dl_node_db_path: /data/db/dln3
      dl_node_graph_provider: http://117.0.0.1:8000/subgraphs/name/datalayr
      dl_node_private_bls: "14973328065943785117243437364980540621026730284720999092347092466203557367748"
      dl_node_dlsm_address: 0xe632085AA39461805bD0dfEEB3f856D9b5379436
      dl_node_challenge_order: "525000"
      dl_node_chain_rpc: http://127.0.0.1:8545
      dl_node_private_key: 62cbf244d68f098688ae7e1aaccf7a012f124a4507530b510dbd9ce458b0bfa0
      dl_node_chain_id: "40525"
      dl_node_std_log_level: debug
      dl_node_file_log_level: trace
      dl_node_log_path: /data/logs/dln3
      dl_node_g1_path: /data/kzg/g1.point
      dl_node_g2_path: /data/kzg/g2.point
      dl_node_cache_path: /data/kzg/SRSTables
      dl_node_srs_order: "525000"
      dl_node_num_workers: "4"
      dl_node_verbose: "true"
    - dl_node_hostname: 172.18.0.1
      dl_node_grpc_port: "32017"
      dl_node_enable_metrics: "true"
      dl_node_metrics_port: "9091"
      dl_node_timeout: 20s
      dl_node_db_path: /data/db/dln4
      dl_node_graph_provider: http://117.0.0.1:8000/subgraphs/name/datalayr
      dl_node_private_bls: "21319792701696221173829523077230541507874857613247273900312128046384345010367"
      dl_node_dlsm_address: 0xe632085AA39461805bD0dfEEB3f856D9b5379436
      dl_node_challenge_order: "525000"
      dl_node_chain_rpc: http://127.0.0.1:8545
      dl_node_private_key: 3f6e570865835f22073b4f6c92a29fc6b1391d1619c35ca5c2a5187e1590b8d9
      dl_node_chain_id: "40525"
      dl_node_std_log_level: debug
      dl_node_file_log_level: trace
      dl_node_log_path: /data/logs/dln4
      dl_node_g1_path: /data/kzg/g1.point
      dl_node_g2_path: /data/kzg/g2.point
      dl_node_cache_path: /data/kzg/SRSTables
      dl_node_srs_order: "525000"
      dl_node_num_workers: "4"
      dl_node_verbose: "true"
    - dl_node_hostname: 172.18.0.1
      dl_node_grpc_port: "32019"
      dl_node_enable_metrics: "true"
      dl_node_metrics_port: "9091"
      dl_node_timeout: 20s
      dl_node_db_path: /data/db/dln5
      dl_node_graph_provider: http://117.0.0.1:8000/subgraphs/name/datalayr
      dl_node_private_bls: "12849759696167192910493409588914798613221510538118646314870226891344952650629"
      dl_node_dlsm_address: 0xe632085AA39461805bD0dfEEB3f856D9b5379436
      dl_node_challenge_order: "525000"
      dl_node_chain_rpc: http://127.0.0.1:8545
      dl_node_private_key: ee3ed2c16297f23a70c911d69f8136c8caff3eef4d6281edf344f98a4fe19e78
      dl_node_chain_id: "40525"
      dl_node_std_log_level: debug
      dl_node_file_log_level: trace
      dl_node_log_path: /data/logs/dln5
      dl_node_g1_path: /data/kzg/g1.point
      dl_node_g2_path: /data/kzg/g2.point
      dl_node_cache_path: /data/kzg/SRSTables
      dl_node_srs_order: "525000"
      dl_node_num_workers: "4"
      dl_node_verbose: "true"
    - dl_node_hostname: 172.18.0.1
      dl_node_grpc_port: "32021"
      dl_node_enable_metrics: "true"
      dl_node_metrics_port: "9091"
      dl_node_timeout: 20s
      dl_node_db_path: /data/db/dln6
      dl_node_graph_provider: http://117.0.0.1:8000/subgraphs/name/datalayr
      dl_node_private_bls: "15125050515229752226150677159516755147024221048763004591273391976045085580060"
      dl_node_dlsm_address: 0xe632085AA39461805bD0dfEEB3f856D9b5379436
      dl_node_challenge_order: "525000"
      dl_node_chain_rpc: http://127.0.0.1:8545
      dl_node_private_key: e74fa67af72f25651bc657541d03a2212eb5d47b1b5d862e55fa9a69e4d320d2
      dl_node_chain_id: "40525"
      dl_node_std_log_level: debug
      dl_node_file_log_level: trace
      dl_node_log_path: /data/logs/dln6
      dl_node_g1_path: /data/kzg/g1.point
      dl_node_g2_path: /data/kzg/g2.point
      dl_node_cache_path: /data/kzg/SRSTables
      dl_node_srs_order: "525000"
      dl_node_num_workers: "4"
      dl_node_verbose: "true"
    - dl_node_hostname: 172.18.0.1
      dl_node_grpc_port: "32023"
      dl_node_enable_metrics: "true"
      dl_node_metrics_port: "9091"
      dl_node_timeout: 20s
      dl_node_db_path: /data/db/dln7
      dl_node_graph_provider: http://117.0.0.1:8000/subgraphs/name/datalayr
      dl_node_private_bls: "5485526871252289616184170210717328418027224381082617529982198677659191139676"
      dl_node_dlsm_address: 0xe632085AA39461805bD0dfEEB3f856D9b5379436
      dl_node_challenge_order: "525000"
      dl_node_chain_rpc: http://127.0.0.1:8545
      dl_node_private_key: 7beffc15756d72c3e0547019192a2b478f47a931e441fbb226fca32a78a65c15
      dl_node_chain_id: "40525"
      dl_node_std_log_level: debug
      dl_node_file_log_level: trace
      dl_node_log_path: /data/logs/dln7
      dl_node_g1_path: /data/kzg/g1.point
      dl_node_g2_path: /data/kzg/g2.point
      dl_node_cache_path: /data/kzg/SRSTables
      dl_node_srs_order: "525000"
      dl_node_num_workers: "4"
      dl_node_verbose: "true"
    - dl_node_hostname: 172.18.0.1
      dl_node_grpc_port: "32025"
      dl_node_enable_metrics: "true"
      dl_node_metrics_port: "9091"
      dl_node_timeout: 20s
      dl_node_db_path: /data/db/dln8
      dl_node_graph_provider: http://117.0.0.1:8000/subgraphs/name/datalayr
      dl_node_private_bls: "9768932978361017738226000888970920630378575038474413486905105854028737418986"
      dl_node_dlsm_address: 0xe632085AA39461805bD0dfEEB3f856D9b5379436
      dl_node_challenge_order: "525000"
      dl_node_chain_rpc: http://127.0.0.1:8545
      dl_node_private_key: 45b76798ae507d037322c17123062f7a30a12a8d48b70811289d9424c352a4e3
      dl_node_chain_id: "40525"
      dl_node_std_log_level: debug
      dl_node_file_log_level: trace
      dl_node_log_path: /data/logs/dln8
      dl_node_g1_path: /data/kzg/g1.point
      dl_node_g2_path: /data/kzg/g2.point
      dl_node_cache_path: /data/kzg/SRSTables
      dl_node_srs_order: "525000"
      dl_node_num_workers: "4"
      dl_node_verbose: "true"
    - dl_node_hostname: 172.18.0.1
      dl_node_grpc_port: "32027"
      dl_node_enable_metrics: "true"
      dl_node_metrics_port: "9091"
      dl_node_timeout: 20s
      dl_node_db_path: /data/db/dln9
      dl_node_graph_provider: http://117.0.0.1:8000/subgraphs/name/datalayr
      dl_node_private_bls: "16044987509255488395313175535586600849635575309646823258869750013716864502630"
      dl_node_dlsm_address: 0xe632085AA39461805bD0dfEEB3f856D9b5379436
      dl_node_challenge_order: "525000"
      dl_node_chain_rpc: http://127.0.0.1:8545
      dl_node_private_key: 6ae11abec672c1cbba932ebe767a063ce90da34e430cb118b051ccbabe437e86
      dl_node_chain_id: "40525"
      dl_node_std_log_level: debug
      dl_node_file_log_level: trace
      dl_node_log_path: /data/logs/dln9
      dl_node_g1_path: /data/kzg/g1.point
      dl_node_g2_path: /data/kzg/g2.point
      dl_node_cache_path: /data/kzg/SRSTables
      dl_node_srs_order: "525000"
      dl_node_num_workers: "4"
      dl_node_verbose: "true"
    - dl_node_hostname: 172.18.0.1
      dl_node_grpc_port: "32029"
      dl_node_enable_metrics: "true"
      dl_node_metrics_port: "9091"
      dl_node_timeout: 20s
      dl_node_db_path: /data/db/dln10
      dl_node_graph_provider: http://117.0.0.1:8000/subgraphs/name/datalayr
      dl_node_private_bls: "14769844395671764229548317437174673745927816051878515376638834334545745644121"
      dl_node_dlsm_address: 0xe632085AA39461805bD0dfEEB3f856D9b5379436
      dl_node_challenge_order: "525000"
      dl_node_chain_rpc: http://127.0.0.1:8545
      dl_node_private_key: af7bf44b06f99725b3a959982934d7ce32dbef31b99f6dc27c0d4e2b57775c7a
      dl_node_chain_id: "40525"
      dl_node_std_log_level: debug
      dl_node_file_log_level: trace
      dl_node_log_path: /data/logs/dln10
      dl_node_g1_path: /data/kzg/g1.point
      dl_node_g2_path: /data/kzg/g2.point
      dl_node_cache_path: /data/kzg/SRSTables
      dl_node_srs_order: "525000"
      dl_node_num_workers: "4"
      dl_node_verbose: "true"
    - dl_node_hostname: 172.18.0.1
      dl_node_grpc_port: "32031"
      dl_node_enable_metrics: "true"
      dl_node_metrics_port: "9091"
      dl_node_timeout: 20s
      dl_node_db_path: /data/db/dln11
      dl_node_graph_provider: http://117.0.0.1:8000/subgraphs/name/datalayr
      dl_node_private_bls: "18446266836567500316015345209328793239963101352691453754865164050508944695021"
      dl_node_dlsm_address: 0xe632085AA39461805bD0dfEEB3f856D9b5379436
      dl_node_challenge_order: "525000"
      dl_node_chain_rpc: http://127.0.0.1:8545
      dl_node_private_key: 62d2fe51f74334cd5a280f2f467ba88439d90792b9b26536edd26f530d35e332
      dl_node_chain_id: "40525"
      dl_node_std_log_level: debug
      dl_node_file_log_level: trace
      dl_node_log_path: /data/logs/dln11
      dl_node_g1_path: /data/kzg/g1.point
      dl_node_g2_path: /data/kzg/g2.point
      dl_node_cache_path: /data/kzg/SRSTables
      dl_node_srs_order: "525000"
      dl_node_num_workers: "4"
      dl_node_verbose: "true"
    - dl_node_hostname: 172.18.0.1
      dl_node_grpc_port: "32033"
      dl_node_enable_metrics: "true"
      dl_node_metrics_port: "9091"
      dl_node_timeout: 20s
      dl_node_db_path: /data/db/dln12
      dl_node_graph_provider: http://117.0.0.1:8000/subgraphs/name/datalayr
      dl_node_private_bls: "2055993697903112320625549647741250745684333823544059905559483947702182649109"
      dl_node_dlsm_address: 0xe632085AA39461805bD0dfEEB3f856D9b5379436
      dl_node_challenge_order: "525000"
      dl_node_chain_rpc: http://127.0.0.1:8545
      dl_node_private_key: da135ea5a238b75f0a58d880f9ef379397b474226827476d77a0e8df1b58af19
      dl_node_chain_id: "40525"
      dl_node_std_log_level: debug
      dl_node_file_log_level: trace
      dl_node_log_path: /data/logs/dln12
      dl_node_g1_path: /data/kzg/g1.point
      dl_node_g2_path: /data/kzg/g2.point
      dl_node_cache_path: /data/kzg/SRSTables
      dl_node_srs_order: "525000"
      dl_node_num_workers: "4"
      dl_node_verbose: "true"
    - dl_node_hostname: 172.18.0.1
      dl_node_grpc_port: "32035"
      dl_node_enable_metrics: "true"
      dl_node_metrics_port: "9091"
      dl_node_timeout: 20s
      dl_node_db_path: /data/db/dln13
      dl_node_graph_provider: http://117.0.0.1:8000/subgraphs/name/datalayr
      dl_node_private_bls: "10020052223573406240313344118473346962367640550402755047145645043124610489199"
      dl_node_dlsm_address: 0xe632085AA39461805bD0dfEEB3f856D9b5379436
      dl_node_challenge_order: "525000"
      dl_node_chain_rpc: http://127.0.0.1:8545
      dl_node_private_key: 0c5ce80087daa7bab057db216743e0dec60a5dbbb635130f432a77974d3505d6
      dl_node_chain_id: "40525"
      dl_node_std_log_level: debug
      dl_node_file_log_level: trace
      dl_node_log_path: /data/logs/dln13
      dl_node_g1_path: /data/kzg/g1.point
      dl_node_g2_path: /data/kzg/g2.point
      dl_node_cache_path: /data/kzg/SRSTables
      dl_node_srs_order: "525000"
      dl_node_num_workers: "4"
      dl_node_verbose: "true"
    - dl_node_hostname: 172.18.0.1
      dl_node_grpc_port: "32037"
      dl_node_enable_metrics: "true"
      dl_node_metrics_port: "9091"
      dl_node_timeout: 20s
      dl_node_db_path: /data/db/dln14
      dl_node_graph_provider: http://117.0.0.1:8000/subgraphs/name/datalayr
      dl_node_private_bls: "19258176769683517301137732828715319988009179079363969243903413346822212409159"
      dl_node_dlsm_address: 0xe632085AA39461805bD0dfEEB3f856D9b5379436
      dl_node_challenge_order: "525000"
      dl_node_chain_rpc: http://127.0.0.1:8545
      dl_node_private_key: 8497f70f083af21e1d8c9e879df10c81eed356f7400bd10eeb29f43a3a107c0b
      dl_node_chain_id: "40525"
      dl_node_std_log_level: debug
      dl_node_file_log_level: trace
      dl_node_log_path: /data/logs/dln14
      dl_node_g1_path: /data/kzg/g1.point
      dl_node_g2_path: /data/kzg/g2.point
      dl_node_cache_path: /data/kzg/SRSTables
      dl_node_srs_order: "525000"
      dl_node_num_workers: "4"
      dl_node_verbose: "true"
    - dl_node_hostname: 172.18.0.1
      dl_node_grpc_port: "32039"
      dl_node_enable_metrics: "true"
      dl_node_metrics_port: "9091"
      dl_node_timeout: 20s
      dl_node_db_path: /data/db/dln15
      dl_node_graph_provider: http://117.0.0.1:8000/subgraphs/name/datalayr
      dl_node_private_bls: "13334029129654488798390899145053768257141182949256851926862046591973778100493"
      dl_node_dlsm_address: 0xe632085AA39461805bD0dfEEB3f856D9b5379436
      dl_node_challenge_order: "525000"
      dl_node_chain_rpc: http://127.0.0.1:8545
      dl_node_private_key: 9e0849025ba1b2fbaf90a8464d1ce1dff1d29b2b6b1cf25836537b36547eb5da
      dl_node_chain_id: "40525"
      dl_node_std_log_level: debug
      dl_node_file_log_level: trace
      dl_node_log_path: /data/logs/dln15
      dl_node_g1_path: /data/kzg/g1.point
      dl_node_g2_path: /data/kzg/g2.point
      dl_node_cache_path: /data/kzg/SRSTables
      dl_node_srs_order: "525000"
      dl_node_num_workers: "4"
      dl_node_verbose: "true"
    - dl_node_hostname: 172.18.0.1
      dl_node_grpc_port: "32041"
      dl_node_enable_metrics: "true"
      dl_node_metrics_port: "9091"
      dl_node_timeout: 20s
      dl_node_db_path: /data/db/dln16
      dl_node_graph_provider: http://117.0.0.1:8000/subgraphs/name/datalayr
      dl_node_private_bls: "15314754606725499100250479953986340123148983158639680217107505117519740762621"
      dl_node_dlsm_address: 0xe632085AA39461805bD0dfEEB3f856D9b5379436
      dl_node_challenge_order: "525000"
      dl_node_chain_rpc: http://127.0.0.1:8545
      dl_node_private_key: a42f9682b5362c398c3a3bc88807860d2b7f38b2eaad21675e8d9e5d17bcb4f4
      dl_node_chain_id: "40525"
      dl_node_std_log_level: debug
      dl_node_file_log_level: trace
      dl_node_log_path: /data/logs/dln16
      dl_node_g1_path: /data/kzg/g1.point
      dl_node_g2_path: /data/kzg/g2.point
      dl_node_cache_path: /data/kzg/SRSTables
      dl_node_srs_order: "525000"
      dl_node_num_workers: "4"
      dl_node_verbose: "true"
    - dl_node_hostname: 172.18.0.1
      dl_node_grpc_port: "32043"
      dl_node_enable_metrics: "true"
      dl_node_metrics_port: "9091"
      dl_node_timeout: 20s
      dl_node_db_path: /data/db/dln17
      dl_node_graph_provider: http://117.0.0.1:8000/subgraphs/name/datalayr
      dl_node_private_bls: "14804206897574060390520824749413862233467404384140878759420965884596904991847"
      dl_node_dlsm_address: 0xe632085AA39461805bD0dfEEB3f856D9b5379436
      dl_node_challenge_order: "525000"
      dl_node_chain_rpc: http://127.0.0.1:8545
      dl_node_private_key: 973e32dbffd203cc5ac04688a873a4b22729e43f82356c92b59d0869e6b50d2c
      dl_node_chain_id: "40525"
      dl_node_std_log_level: debug
      dl_node_file_log_level: trace
      dl_node_log_path: /data/logs/dln17
      dl_node_g1_path: /data/kzg/g1.point
      dl_node_g2_path: /data/kzg/g2.point
      dl_node_cache_path: /data/kzg/SRSTables
      dl_node_srs_order: "525000"
      dl_node_num_workers: "4"
      dl_node_verbose: "true"
    - dl_node_hostname: 172.18.0.1
      dl_node_grpc_port: "32045"
      dl_node_enable_metrics: "true"
      dl_node_metrics_port: "9091"
      dl_node_timeout: 20s
      dl_node_db_path: /data/db/dln18
      dl_node_graph_provider: http://117.0.0.1:8000/subgraphs/name/datalayr
      dl_node_private_bls: "12981360211963206124643296575689184909005248623354906250984834830372255093296"
      dl_node_dlsm_address: 0xe632085AA39461805bD0dfEEB3f856D9b5379436
      dl_node_challenge_order: "525000"
      dl_node_chain_rpc: http://127.0.0.1:8545
      dl_node_private_key: 526c37ffcff87727a0c82b235bf669e45b34d3a44f7106233e2c2ab68c4efe01
      dl_node_chain_id: "40525"
      dl_node_std_log_level: debug
      dl_node_file_log_level: trace
      dl_node_log_path: /data/logs/dln18
      dl_node_g1_path: /data/kzg/g1.point
      dl_node_g2_path: /data/kzg/g2.point
      dl_node_cache_path: /data/kzg/SRSTables
      dl_node_srs_order: "525000"
      dl_node_num_workers: "4"
      dl_node_verbose: "true"
    - dl_node_hostname: 172.18.0.1
      dl_node_grpc_port: "32047"
      dl_node_enable_metrics: "true"
      dl_node_metrics_port: "9091"
      dl_node_timeout: 20s
      dl_node_db_path: /data/db/dln19
      dl_node_graph_provider: http://117.0.0.1:8000/subgraphs/name/datalayr
      dl_node_private_bls: "1596046179046977841111601432755626725404968877042098897374086479781161000142"
      dl_node_dlsm_address: 0xe632085AA39461805bD0dfEEB3f856D9b5379436
      dl_node_challenge_order: "525000"
      dl_node_chain_rpc: http://127.0.0.1:8545
      dl_node_private_key: e856c53d124b5396a1c5734fac8f939715aab9b713627400c056acd7b4cb8ebe
      dl_node_chain_id: "40525"
      dl_node_std_log_level: debug
      dl_node_file_log_level: trace
      dl_node_log_path: /data/logs/dln19
      dl_node_g1_path: /data/kzg/g1.point
      dl_node_g2_path: /data/kzg/g2.point
      dl_node_cache_path: /data/kzg/SRSTables
      dl_node_srs_order: "525000"
      dl_node_num_workers: "4"
      dl_node_verbose: "true"
retrievers:
    - dl_retriever_hostname: 172.18.0.1
      dl_retriever_grpc_port: "32049"
      dl_retriever_timeout: 20s
      dl_retriever_graph_provider: http://117.0.0.1:8000/subgraphs/name/datalayr
      dl_retriever_dlsm_address: 0xe632085AA39461805bD0dfEEB3f856D9b5379436
      dl_retriever_chain_rpc: http://127.0.0.1:8545
      dl_retriever_private_key: c6c463abfca6fc3f76b7b797f431c4c1831dfa03968a77f2ccfdb4568212b240
      dl_retriever_chain_id: "40525"
      dl_retriever_std_log_level: debug
      dl_retriever_file_log_level: trace
      dl_retriever_log_path: /data/logs/ret0
      dl_retriever_g1_path: /data/kzg/g1.point
      dl_retriever_g2_path: /data/kzg/g2.point
      dl_retriever_cache_path: /data/kzg/SRSTables
      dl_retriever_srs_order: "525000"
      dl_retriever_num_workers: "4"
      dl_retriever_verbose: "true"
stakers:
    - address: 0x381BD57eA4dfc636506d15c607419C86178e95dc
      private: 1215c2f7f47366fe7f60c5a5c817372adbdd6ad5633d594e62ba60e9138058a1
    - address: 0x1Ef100846A1d0826B601e689A8b8299b3624Ea39
      private: fc184378edf2475542cc5e697378fa59a2492ed0bddde210c6cd9d3e6687f369
    - address: 0x9243E43794abe2a0FEF124DDe74d53564EEf9864
      private: 90ba7ccb418e89a2dabd9cfa7082afb11480d74aef59f9e7b47cd804724643e4
    - address: 0xfbFE03B0192BDAAB05CA81F9cB243DedeFfde33b
      private: e48c07996c6d8cc0350d88c3d106d0b18c8c2ed7ba599b01dc959807463a3ddb
    - address: 0x11212c164B4b09C9b13a1a4d495784D016fc62f1
      private: 3f26b8f48f88d3b32921f1ce3243cb1b5e9ec5a17ca19e1c2f42119ebe667a5c
    - address: 0x52Fd242CA8DA706c183B481fc48475e9D48973D1
      private: 4c8a6a2b6ffe778503bfcf1c9fa63d62bd22c940782d2159fe5e2e3dff46e200
    - address: 0xa6e0963bBB4E351ccFE483Eca0b5c51850057f71
      private: 4eecb279af0a57221e9ee05d0fa246160ab124aa71acc1d328154686b3642052
    - address: 0x698B016fe3BaF5A78B86aCbCB1F2B8856f8A7757
      private: 70c07ee66f2ed4e06833ac2f61b543abae3eb698194617c2f16499128bc7e33d
    - address: 0x868bC2EBAbB77BA97bd6F742c35dbC9b20a8b9B1
      private: 34c000f171f953f7e9c9a5b74cc2ac91fbb252599d996fc756000101f83146e1
    - address: 0x246099d2B289fB6f35715Ceeb8fd71E154e492aE
      private: cf019934b555462f4f368a6316fcdbd334bf663a578be6471c9ae2c36a4c6690
    - address: 0x6E1DbB160A62D94Cd4994Da09Fe41d90a0fD9aB2
      private: 3e088e88e7cf95487c205a4d7525d6ee72bcf3afd15c65e78d626bf0f84a02e4
    - address: 0x7c33BDaab2F2d0b75934BC9c14100dDad77966a4
      private: 75fdea40aa9659a7807afe1eca1c8b1621bcd9c1dc7ac4c0f16ae137c9bae696
    - address: 0xC356FA8Cd97205fee6F2441E627f83Fa29D4B513
      private: 882bffc455e6ed16353a47726ace7e2188f4b60568479535c1e875d78de6b46c
    - address: 0x2559249ab43F598f473e05ec48B9507E30829779
      private: 9a06389fca9e72e82311a96d9a7dd1205aafdee18de97c9633205823e8d6ef05
    - address: 0x3c62E05d0FCC5F4762A69E6509d174F8B665cd48
      private: 2ae8a76c7c2f10f479ba7a9151e4e6d43dc899c42f3bf471cb3e40f9752a3f95
    - address: 0x73aF791b2B6D9E430F7B4617b452048B16FCdAd7
      private: 750a475de25fa61c59d7063907f0deeb8f7b5a48284dbddd14886c799992ad7a
    - address: 0xca909218a3B202fCbB38100205C1fF6f23583389
      private: 0050c3f99fe777b865ef1f9de3fc50cecf2baf48bb0d3dfd21af404a8f64de6c
    - address: 0x6b0329F83234CCD44f2B901A35fAC159F7d5558e
      private: 0620c74067544b9bd7365245aacd274f8d60b6b44436d821ffa0f927e5ecc188
    - address: 0x1c9B697Ce3CADbAc137Bba607B6Fb9dc0e83Fa97
      private: 5c7912e50bda777f2fc1bd03a21a2574c92aaf6b7842ffb86ce01c0c6138908c
    - address: 0x0E3bFEb5d51689282119C0D629259b1F46C28913
      private: 4651e322764b95ac1d09d2c87e686093cc8aaa44840cf651efeb633def60d2b2
sequencers: []
challengers: []
